
Microsoft Visual Studio Solution File, Format Version 12.00
# Visual Studio Version 17
VisualStudioVersion = 17.5.33627.172
MinimumVisualStudioVersion = 10.0.40219.1
Project("{FAE04EC0-301F-11D3-BF4B-00C04F79EFBC}") = "WpfSkia", "WpfSkia.csproj", "{18397090-E505-47FA-B038-04C8C306CE34}"
EndProject
Project("{FAE04EC0-301F-11D3-BF4B-00C04F79EFBC}") = "FormsSkiaBench", "FormsSkiaBench\FormsSkiaBench.csproj", "{493B0DAE-084B-4FA9-96FF-61DACCF96A7F}"
EndProject
Global
	GlobalSection(SolutionConfigurationPlatforms) = preSolution
		Debug|Any CPU = Debug|Any CPU
		Release|Any CPU = Release|Any CPU
	EndGlobalSection
	GlobalSection(ProjectConfigurationPlatforms) = postSolution
		{18397090-E505-47FA-B038-04C8C306CE34}.Debug|Any CPU.ActiveCfg = Debug|Any CPU
		{18397090-E505-47FA-B038-04C8C306CE34}.Debug|Any CPU.Build.0 = Debug|Any CPU
		{18397090-E505-47FA-B038-04C8C306CE34}.Release|Any CPU.ActiveCfg = Release|Any CPU
		{18397090-E505-47FA-B038-04C8C306CE34}.Release|Any CPU.Build.0 = Release|Any CPU
		{493B0DAE-084B-4FA9-96FF-61DACCF96A7F}.Debug|Any CPU.ActiveCfg = Debug|Any CPU
		{493B0DAE-084B-4FA9-96FF-61DACCF96A7F}.Debug|Any CPU.Build.0 = Debug|Any CPU
		{493B0DAE-084B-4FA9-96FF-61DACCF96A7F}.Release|Any CPU.ActiveCfg = Release|Any CPU
		{493B0DAE-084B-4FA9-96FF-61DACCF96A7F}.Release|Any CPU.Build.0 = Release|Any CPU
	EndGlobalSection
	GlobalSection(SolutionProperties) = preSolution
		HideSolutionNode = FALSE
	EndGlobalSection
	GlobalSection(ExtensibilityGlobals) = postSolution
		SolutionGuid = {ECEE8115-A689-4B05-A3F3-F1A3EEC0DCED}
	EndGlobalSection
EndGlobal
